
Microsoft Visual Studio Solution File, Format Version 12.00
# Visual Studio Version 16
VisualStudioVersion = 16.0.31112.23
MinimumVisualStudioVersion = 10.0.40219.1
Project("{FAE04EC0-301F-11D3-BF4B-00C04F79EFBC}") = "AzureStorageBlob", "AzureStorageBlob\AzureStorageBlob.csproj", "{F1453800-8D59-4078-809E-EBD81647FA2C}"
EndProject
Global
	GlobalSection(SolutionConfigurationPlatforms) = preSolution
		Debug|Any CPU = Debug|Any CPU
		Release|Any CPU = Release|Any CPU
	EndGlobalSection
	GlobalSection(ProjectConfigurationPlatforms) = postSolution
		{F1453800-8D59-4078-809E-EBD81647FA2C}.Debug|Any CPU.ActiveCfg = Debug|Any CPU
		{F1453800-8D59-4078-809E-EBD81647FA2C}.Debug|Any CPU.Build.0 = Debug|Any CPU
		{F1453800-8D59-4078-809E-EBD81647FA2C}.Release|Any CPU.ActiveCfg = Release|Any CPU
		{F1453800-8D59-4078-809E-EBD81647FA2C}.Release|Any CPU.Build.0 = Release|Any CPU
	EndGlobalSection
	GlobalSection(SolutionProperties) = preSolution
		HideSolutionNode = FALSE
	EndGlobalSection
	GlobalSection(ExtensibilityGlobals) = postSolution
		SolutionGuid = {9A641AEA-36C1-410C-B6CE-5D2561A1B61F}
	EndGlobalSection
EndGlobal
