
Microsoft Visual Studio Solution File, Format Version 12.00
# Visual Studio Version 16
VisualStudioVersion = 16.0.31112.23
MinimumVisualStudioVersion = 10.0.40219.1
Project("{FAE04EC0-301F-11D3-BF4B-00C04F79EFBC}") = "ServiceBus-Queue-Receive", "ServiceBus-Queue-Receive\ServiceBus-Queue-Receive.csproj", "{7735B132-2B29-454F-8022-19E29796FB41}"
EndProject
Global
	GlobalSection(SolutionConfigurationPlatforms) = preSolution
		Debug|Any CPU = Debug|Any CPU
		Release|Any CPU = Release|Any CPU
	EndGlobalSection
	GlobalSection(ProjectConfigurationPlatforms) = postSolution
		{7735B132-2B29-454F-8022-19E29796FB41}.Debug|Any CPU.ActiveCfg = Debug|Any CPU
		{7735B132-2B29-454F-8022-19E29796FB41}.Debug|Any CPU.Build.0 = Debug|Any CPU
		{7735B132-2B29-454F-8022-19E29796FB41}.Release|Any CPU.ActiveCfg = Release|Any CPU
		{7735B132-2B29-454F-8022-19E29796FB41}.Release|Any CPU.Build.0 = Release|Any CPU
	EndGlobalSection
	GlobalSection(SolutionProperties) = preSolution
		HideSolutionNode = FALSE
	EndGlobalSection
	GlobalSection(ExtensibilityGlobals) = postSolution
		SolutionGuid = {A99DC159-C384-407E-952E-89E231170A90}
	EndGlobalSection
EndGlobal
