
Microsoft Visual Studio Solution File, Format Version 12.00
# Visual Studio Version 16
VisualStudioVersion = 16.0.31112.23
MinimumVisualStudioVersion = 10.0.40219.1
Project("{FAE04EC0-301F-11D3-BF4B-00C04F79EFBC}") = "AzureFunction-StorageQueue", "AzureFunction-StorageQueue\AzureFunction-StorageQueue.csproj", "{AD96F79D-D9F2-4520-9961-94653F9CC349}"
EndProject
Global
	GlobalSection(SolutionConfigurationPlatforms) = preSolution
		Debug|Any CPU = Debug|Any CPU
		Release|Any CPU = Release|Any CPU
	EndGlobalSection
	GlobalSection(ProjectConfigurationPlatforms) = postSolution
		{AD96F79D-D9F2-4520-9961-94653F9CC349}.Debug|Any CPU.ActiveCfg = Debug|Any CPU
		{AD96F79D-D9F2-4520-9961-94653F9CC349}.Debug|Any CPU.Build.0 = Debug|Any CPU
		{AD96F79D-D9F2-4520-9961-94653F9CC349}.Release|Any CPU.ActiveCfg = Release|Any CPU
		{AD96F79D-D9F2-4520-9961-94653F9CC349}.Release|Any CPU.Build.0 = Release|Any CPU
	EndGlobalSection
	GlobalSection(SolutionProperties) = preSolution
		HideSolutionNode = FALSE
	EndGlobalSection
	GlobalSection(ExtensibilityGlobals) = postSolution
		SolutionGuid = {EF881C4D-E135-44C9-A3C2-864F9449585B}
	EndGlobalSection
EndGlobal
