
Microsoft Visual Studio Solution File, Format Version 12.00
# Visual Studio Version 16
VisualStudioVersion = 16.0.31112.23
MinimumVisualStudioVersion = 10.0.40219.1
Project("{FAE04EC0-301F-11D3-BF4B-00C04F79EFBC}") = "AzureFunctions-EventHub-Receive", "AzureFunctions-EventHub-Receive\AzureFunctions-EventHub-Receive.csproj", "{8268E066-8DBE-4C0C-9D51-B2CA2AFC956C}"
EndProject
Global
	GlobalSection(SolutionConfigurationPlatforms) = preSolution
		Debug|Any CPU = Debug|Any CPU
		Release|Any CPU = Release|Any CPU
	EndGlobalSection
	GlobalSection(ProjectConfigurationPlatforms) = postSolution
		{8268E066-8DBE-4C0C-9D51-B2CA2AFC956C}.Debug|Any CPU.ActiveCfg = Debug|Any CPU
		{8268E066-8DBE-4C0C-9D51-B2CA2AFC956C}.Debug|Any CPU.Build.0 = Debug|Any CPU
		{8268E066-8DBE-4C0C-9D51-B2CA2AFC956C}.Release|Any CPU.ActiveCfg = Release|Any CPU
		{8268E066-8DBE-4C0C-9D51-B2CA2AFC956C}.Release|Any CPU.Build.0 = Release|Any CPU
	EndGlobalSection
	GlobalSection(SolutionProperties) = preSolution
		HideSolutionNode = FALSE
	EndGlobalSection
	GlobalSection(ExtensibilityGlobals) = postSolution
		SolutionGuid = {26D8010C-84C8-461D-9CDB-921F77E68E68}
	EndGlobalSection
EndGlobal
