
Microsoft Visual Studio Solution File, Format Version 12.00
# Visual Studio Version 16
VisualStudioVersion = 16.0.31112.23
MinimumVisualStudioVersion = 10.0.40219.1
Project("{FAE04EC0-301F-11D3-BF4B-00C04F79EFBC}") = "Azurekeyvault-encryptionkeys", "Azurekeyvault-encryptionkeys\Azurekeyvault-encryptionkeys.csproj", "{EE791051-E146-4469-9D56-8995BCF6579A}"
EndProject
Global
	GlobalSection(SolutionConfigurationPlatforms) = preSolution
		Debug|Any CPU = Debug|Any CPU
		Release|Any CPU = Release|Any CPU
	EndGlobalSection
	GlobalSection(ProjectConfigurationPlatforms) = postSolution
		{EE791051-E146-4469-9D56-8995BCF6579A}.Debug|Any CPU.ActiveCfg = Debug|Any CPU
		{EE791051-E146-4469-9D56-8995BCF6579A}.Debug|Any CPU.Build.0 = Debug|Any CPU
		{EE791051-E146-4469-9D56-8995BCF6579A}.Release|Any CPU.ActiveCfg = Release|Any CPU
		{EE791051-E146-4469-9D56-8995BCF6579A}.Release|Any CPU.Build.0 = Release|Any CPU
	EndGlobalSection
	GlobalSection(SolutionProperties) = preSolution
		HideSolutionNode = FALSE
	EndGlobalSection
	GlobalSection(ExtensibilityGlobals) = postSolution
		SolutionGuid = {8EFE831F-F053-4457-B5C6-BF3B5AC026B4}
	EndGlobalSection
EndGlobal
