
Microsoft Visual Studio Solution File, Format Version 12.00
# Visual Studio Version 16
VisualStudioVersion = 16.0.31112.23
MinimumVisualStudioVersion = 10.0.40219.1
Project("{FAE04EC0-301F-11D3-BF4B-00C04F79EFBC}") = "AzureFunctions-Queue-Receive", "AzureFunctions-Queue-Receive\AzureFunctions-Queue-Receive.csproj", "{B9841A51-5D18-4BBA-9053-D53584DEA909}"
EndProject
Global
	GlobalSection(SolutionConfigurationPlatforms) = preSolution
		Debug|Any CPU = Debug|Any CPU
		Release|Any CPU = Release|Any CPU
	EndGlobalSection
	GlobalSection(ProjectConfigurationPlatforms) = postSolution
		{B9841A51-5D18-4BBA-9053-D53584DEA909}.Debug|Any CPU.ActiveCfg = Debug|Any CPU
		{B9841A51-5D18-4BBA-9053-D53584DEA909}.Debug|Any CPU.Build.0 = Debug|Any CPU
		{B9841A51-5D18-4BBA-9053-D53584DEA909}.Release|Any CPU.ActiveCfg = Release|Any CPU
		{B9841A51-5D18-4BBA-9053-D53584DEA909}.Release|Any CPU.Build.0 = Release|Any CPU
	EndGlobalSection
	GlobalSection(SolutionProperties) = preSolution
		HideSolutionNode = FALSE
	EndGlobalSection
	GlobalSection(ExtensibilityGlobals) = postSolution
		SolutionGuid = {A8478BB3-095E-4857-A3F1-C792B8CE469C}
	EndGlobalSection
EndGlobal
