
Microsoft Visual Studio Solution File, Format Version 12.00
# Visual Studio Version 16
VisualStudioVersion = 16.0.31112.23
MinimumVisualStudioVersion = 10.0.40219.1
Project("{FAE04EC0-301F-11D3-BF4B-00C04F79EFBC}") = "blobapplication", "blobapplication\blobapplication.csproj", "{5DE21C8A-1E37-4506-83D7-D2F69CD199A5}"
EndProject
Global
	GlobalSection(SolutionConfigurationPlatforms) = preSolution
		Debug|Any CPU = Debug|Any CPU
		Release|Any CPU = Release|Any CPU
	EndGlobalSection
	GlobalSection(ProjectConfigurationPlatforms) = postSolution
		{5DE21C8A-1E37-4506-83D7-D2F69CD199A5}.Debug|Any CPU.ActiveCfg = Debug|Any CPU
		{5DE21C8A-1E37-4506-83D7-D2F69CD199A5}.Debug|Any CPU.Build.0 = Debug|Any CPU
		{5DE21C8A-1E37-4506-83D7-D2F69CD199A5}.Release|Any CPU.ActiveCfg = Release|Any CPU
		{5DE21C8A-1E37-4506-83D7-D2F69CD199A5}.Release|Any CPU.Build.0 = Release|Any CPU
	EndGlobalSection
	GlobalSection(SolutionProperties) = preSolution
		HideSolutionNode = FALSE
	EndGlobalSection
	GlobalSection(ExtensibilityGlobals) = postSolution
		SolutionGuid = {949FE6F1-5E20-4F16-84FF-CE991AA9CEC3}
	EndGlobalSection
EndGlobal
