
Microsoft Visual Studio Solution File, Format Version 12.00
# Visual Studio Version 16
VisualStudioVersion = 16.0.31112.23
MinimumVisualStudioVersion = 10.0.40219.1
Project("{FAE04EC0-301F-11D3-BF4B-00C04F79EFBC}") = "CourseDBFunction", "CourseDBFunction\CourseDBFunction.csproj", "{7CE9DB84-06FD-482B-ACB0-AFEC61749400}"
EndProject
Global
	GlobalSection(SolutionConfigurationPlatforms) = preSolution
		Debug|Any CPU = Debug|Any CPU
		Release|Any CPU = Release|Any CPU
	EndGlobalSection
	GlobalSection(ProjectConfigurationPlatforms) = postSolution
		{7CE9DB84-06FD-482B-ACB0-AFEC61749400}.Debug|Any CPU.ActiveCfg = Debug|Any CPU
		{7CE9DB84-06FD-482B-ACB0-AFEC61749400}.Debug|Any CPU.Build.0 = Debug|Any CPU
		{7CE9DB84-06FD-482B-ACB0-AFEC61749400}.Release|Any CPU.ActiveCfg = Release|Any CPU
		{7CE9DB84-06FD-482B-ACB0-AFEC61749400}.Release|Any CPU.Build.0 = Release|Any CPU
	EndGlobalSection
	GlobalSection(SolutionProperties) = preSolution
		HideSolutionNode = FALSE
	EndGlobalSection
	GlobalSection(ExtensibilityGlobals) = postSolution
		SolutionGuid = {B0256DD7-D8C0-4645-9BA6-6CD78B9CEF03}
	EndGlobalSection
EndGlobal
