
Microsoft Visual Studio Solution File, Format Version 12.00
# Visual Studio Version 16
VisualStudioVersion = 16.0.31112.23
MinimumVisualStudioVersion = 10.0.40219.1
Project("{FAE04EC0-301F-11D3-BF4B-00C04F79EFBC}") = "AzureServiceQueue", "AzureServiceQueue\AzureServiceQueue.csproj", "{519A3F73-7517-4F0A-A95C-16746DA9E435}"
EndProject
Global
	GlobalSection(SolutionConfigurationPlatforms) = preSolution
		Debug|Any CPU = Debug|Any CPU
		Release|Any CPU = Release|Any CPU
	EndGlobalSection
	GlobalSection(ProjectConfigurationPlatforms) = postSolution
		{519A3F73-7517-4F0A-A95C-16746DA9E435}.Debug|Any CPU.ActiveCfg = Debug|Any CPU
		{519A3F73-7517-4F0A-A95C-16746DA9E435}.Debug|Any CPU.Build.0 = Debug|Any CPU
		{519A3F73-7517-4F0A-A95C-16746DA9E435}.Release|Any CPU.ActiveCfg = Release|Any CPU
		{519A3F73-7517-4F0A-A95C-16746DA9E435}.Release|Any CPU.Build.0 = Release|Any CPU
	EndGlobalSection
	GlobalSection(SolutionProperties) = preSolution
		HideSolutionNode = FALSE
	EndGlobalSection
	GlobalSection(ExtensibilityGlobals) = postSolution
		SolutionGuid = {D15B18DF-02A1-4285-BEDD-5BD9572EC45D}
	EndGlobalSection
EndGlobal
