
Microsoft Visual Studio Solution File, Format Version 12.00
# Visual Studio Version 16
VisualStudioVersion = 16.0.31112.23
MinimumVisualStudioVersion = 10.0.40219.1
Project("{FAE04EC0-301F-11D3-BF4B-00C04F79EFBC}") = "AzureEventHub-Send", "AzureEventHub-Send\AzureEventHub-Send.csproj", "{82785DA8-76CF-48B7-BC4C-85E207E317EA}"
EndProject
Global
	GlobalSection(SolutionConfigurationPlatforms) = preSolution
		Debug|Any CPU = Debug|Any CPU
		Release|Any CPU = Release|Any CPU
	EndGlobalSection
	GlobalSection(ProjectConfigurationPlatforms) = postSolution
		{82785DA8-76CF-48B7-BC4C-85E207E317EA}.Debug|Any CPU.ActiveCfg = Debug|Any CPU
		{82785DA8-76CF-48B7-BC4C-85E207E317EA}.Debug|Any CPU.Build.0 = Debug|Any CPU
		{82785DA8-76CF-48B7-BC4C-85E207E317EA}.Release|Any CPU.ActiveCfg = Release|Any CPU
		{82785DA8-76CF-48B7-BC4C-85E207E317EA}.Release|Any CPU.Build.0 = Release|Any CPU
	EndGlobalSection
	GlobalSection(SolutionProperties) = preSolution
		HideSolutionNode = FALSE
	EndGlobalSection
	GlobalSection(ExtensibilityGlobals) = postSolution
		SolutionGuid = {76342892-69A9-4881-BE5D-A3B01EF25990}
	EndGlobalSection
EndGlobal
