
Microsoft Visual Studio Solution File, Format Version 12.00
# Visual Studio Version 16
VisualStudioVersion = 16.0.31112.23
MinimumVisualStudioVersion = 10.0.40219.1
Project("{FAE04EC0-301F-11D3-BF4B-00C04F79EFBC}") = "EventGrid-PublishCustomTopic", "EventGrid-PublishCustomTopic\EventGrid-PublishCustomTopic.csproj", "{A2FA6EFE-A672-440B-AECD-F90CC98451A4}"
EndProject
Global
	GlobalSection(SolutionConfigurationPlatforms) = preSolution
		Debug|Any CPU = Debug|Any CPU
		Release|Any CPU = Release|Any CPU
	EndGlobalSection
	GlobalSection(ProjectConfigurationPlatforms) = postSolution
		{A2FA6EFE-A672-440B-AECD-F90CC98451A4}.Debug|Any CPU.ActiveCfg = Debug|Any CPU
		{A2FA6EFE-A672-440B-AECD-F90CC98451A4}.Debug|Any CPU.Build.0 = Debug|Any CPU
		{A2FA6EFE-A672-440B-AECD-F90CC98451A4}.Release|Any CPU.ActiveCfg = Release|Any CPU
		{A2FA6EFE-A672-440B-AECD-F90CC98451A4}.Release|Any CPU.Build.0 = Release|Any CPU
	EndGlobalSection
	GlobalSection(SolutionProperties) = preSolution
		HideSolutionNode = FALSE
	EndGlobalSection
	GlobalSection(ExtensibilityGlobals) = postSolution
		SolutionGuid = {CD096139-C54E-4C23-BF81-0CA7C78BBC40}
	EndGlobalSection
EndGlobal
